Microsoft Visual Studio Solution File, Format Version 12.00
# Visual Studio Version 17
VisualStudioVersion = 17.5.2.0
MinimumVisualStudioVersion = 10.0.40219.1
Project("{FAE04EC0-301F-11D3-BF4B-00C04F79EFBC}") = "DataFlow", "DataFlow.csproj", "{A070DF49-1EEF-E063-E4D7-1787741CEFAD}"
EndProject
Global
	GlobalSection(SolutionConfigurationPlatforms) = preSolution
		Debug|Any CPU = Debug|Any CPU
		Release|Any CPU = Release|Any CPU
	EndGlobalSection
	GlobalSection(ProjectConfigurationPlatforms) = postSolution
		{A070DF49-1EEF-E063-E4D7-1787741CEFAD}.Debug|Any CPU.ActiveCfg = Debug|Any CPU
		{A070DF49-1EEF-E063-E4D7-1787741CEFAD}.Debug|Any CPU.Build.0 = Debug|Any CPU
		{A070DF49-1EEF-E063-E4D7-1787741CEFAD}.Release|Any CPU.ActiveCfg = Release|Any CPU
		{A070DF49-1EEF-E063-E4D7-1787741CEFAD}.Release|Any CPU.Build.0 = Release|Any CPU
	EndGlobalSection
	GlobalSection(SolutionProperties) = preSolution
		HideSolutionNode = FALSE
	EndGlobalSection
	GlobalSection(ExtensibilityGlobals) = postSolution
		SolutionGuid = {DA81A8D3-053C-46DB-AF15-EA3D7F5B726D}
	EndGlobalSection
EndGlobal
